
Microsoft Visual Studio Solution File, Format Version 12.00
# Visual Studio Version 17
VisualStudioVersion = 17.7.34031.279
MinimumVisualStudioVersion = 10.0.40219.1
Project("{FAE04EC0-301F-11D3-BF4B-00C04F79EFBC}") = "Console Application vs Windows Application", "Console Application vs Windows Application\Console Application vs Windows Application.csproj", "{244B0676-B4D9-496F-B1BA-AB980ADED7CF}"
EndProject
Global
	GlobalSection(SolutionConfigurationPlatforms) = preSolution
		Debug|Any CPU = Debug|Any CPU
		Release|Any CPU = Release|Any CPU
	EndGlobalSection
	GlobalSection(ProjectConfigurationPlatforms) = postSolution
		{244B0676-B4D9-496F-B1BA-AB980ADED7CF}.Debug|Any CPU.ActiveCfg = Debug|Any CPU
		{244B0676-B4D9-496F-B1BA-AB980ADED7CF}.Debug|Any CPU.Build.0 = Debug|Any CPU
		{244B0676-B4D9-496F-B1BA-AB980ADED7CF}.Release|Any CPU.ActiveCfg = Release|Any CPU
		{244B0676-B4D9-496F-B1BA-AB980ADED7CF}.Release|Any CPU.Build.0 = Release|Any CPU
	EndGlobalSection
	GlobalSection(SolutionProperties) = preSolution
		HideSolutionNode = FALSE
	EndGlobalSection
	GlobalSection(ExtensibilityGlobals) = postSolution
		SolutionGuid = {F63E49A7-C0BA-4777-A1AE-F2EF2740CD66}
	EndGlobalSection
EndGlobal
